
Microsoft Visual Studio Solution File, Format Version 12.00
# Visual Studio Express 2013 for Windows Desktop
VisualStudioVersion = 12.0.21005.1
MinimumVisualStudioVersion = 10.0.40219.1
Project("{FAE04EC0-301F-11D3-BF4B-00C04F79EFBC}") = "Is-Palindrome", "Is-Palindrome\Is-Palindrome.csproj", "{E1A7C4D8-2F8D-40B0-8B43-1B7CFE271FED}"
EndProject
Project("{FAE04EC0-301F-11D3-BF4B-00C04F79EFBC}") = "Zero-Out-Matrix", "Zero-Out-Matrix\Zero-Out-Matrix.csproj", "{71F41741-9BFD-429F-9345-184CFEB2E8C2}"
EndProject
Project("{FAE04EC0-301F-11D3-BF4B-00C04F79EFBC}") = "Rotate-Matrix", "Rotate-Matrix\Rotate-Matrix.csproj", "{2D035F78-C31A-4332-ACB0-EB70CB05BBA3}"
EndProject
Project("{FAE04EC0-301F-11D3-BF4B-00C04F79EFBC}") = "Is-Rotation", "Is-Rotation\Is-Rotation.csproj", "{7D64263B-9529-40E0-B725-39F70F58188F}"
EndProject
Project("{2150E333-8FDC-42A3-9474-1A3956D46DE8}") = "String-Solutions", "String-Solutions", "{537E6A6D-10CD-4758-BE4A-B9C963313D5D}"
EndProject
Project("{2150E333-8FDC-42A3-9474-1A3956D46DE8}") = "Array-Solutions", "Array-Solutions", "{437E6A6D-10CD-4758-BE4A-B9C963313D5D}"
EndProject
Project("{2150E333-8FDC-42A3-9474-1A3956D46DE8}") = "2D-Solutions", "2D-Solutions", "{983A4592-D998-400A-994D-F4F750E07889}"
EndProject
Project("{2150E333-8FDC-42A3-9474-1A3956D46DE8}") = "LL-Solutions", "LL-Solutions", "{A6B2C043-42C2-4E55-8A3D-596A280205AF}"
EndProject
Project("{FAE04EC0-301F-11D3-BF4B-00C04F79EFBC}") = "Find-Merge", "Find-Merge\Find-Merge.csproj", "{5A829DC3-92F3-46C4-9BB8-D4A275A6CAC9}"
EndProject
Project("{FAE04EC0-301F-11D3-BF4B-00C04F79EFBC}") = "Reverse-List", "Reverse-List\Reverse-List.csproj", "{22AEB696-7408-47FC-A5BC-E41E23ED09ED}"
EndProject
Project("{FAE04EC0-301F-11D3-BF4B-00C04F79EFBC}") = "Compress-Count", "Compress-Count\Compress-Count.csproj", "{15518583-1045-40AF-8164-C3376FAFCEAB}"
EndProject
Project("{FAE04EC0-301F-11D3-BF4B-00C04F79EFBC}") = "Matrix-Spiral", "Matrix-Spiral\Matrix-Spiral.csproj", "{21E16DBE-899B-402E-961F-E806ADB17746}"
EndProject
Project("{FAE04EC0-301F-11D3-BF4B-00C04F79EFBC}") = "Find-Two-Sum", "Find-Two-Sum\Find-Two-Sum.csproj", "{7DAA6CF2-0494-476D-8F6F-D3690AF056B3}"
EndProject
Project("{FAE04EC0-301F-11D3-BF4B-00C04F79EFBC}") = "Paint-Fill", "Paint-Fill\Paint-Fill.csproj", "{024894F4-DC96-4C6D-94C5-868388A47D71}"
EndProject
Global
	GlobalSection(SolutionConfigurationPlatforms) = preSolution
		Debug|Any CPU = Debug|Any CPU
		Release|Any CPU = Release|Any CPU
	EndGlobalSection
	GlobalSection(ProjectConfigurationPlatforms) = postSolution
		{E1A7C4D8-2F8D-40B0-8B43-1B7CFE271FED}.Debug|Any CPU.ActiveCfg = Debug|Any CPU
		{E1A7C4D8-2F8D-40B0-8B43-1B7CFE271FED}.Debug|Any CPU.Build.0 = Debug|Any CPU
		{E1A7C4D8-2F8D-40B0-8B43-1B7CFE271FED}.Release|Any CPU.ActiveCfg = Release|Any CPU
		{E1A7C4D8-2F8D-40B0-8B43-1B7CFE271FED}.Release|Any CPU.Build.0 = Release|Any CPU
		{71F41741-9BFD-429F-9345-184CFEB2E8C2}.Debug|Any CPU.ActiveCfg = Debug|Any CPU
		{71F41741-9BFD-429F-9345-184CFEB2E8C2}.Debug|Any CPU.Build.0 = Debug|Any CPU
		{71F41741-9BFD-429F-9345-184CFEB2E8C2}.Release|Any CPU.ActiveCfg = Release|Any CPU
		{71F41741-9BFD-429F-9345-184CFEB2E8C2}.Release|Any CPU.Build.0 = Release|Any CPU
		{2D035F78-C31A-4332-ACB0-EB70CB05BBA3}.Debug|Any CPU.ActiveCfg = Debug|Any CPU
		{2D035F78-C31A-4332-ACB0-EB70CB05BBA3}.Debug|Any CPU.Build.0 = Debug|Any CPU
		{2D035F78-C31A-4332-ACB0-EB70CB05BBA3}.Release|Any CPU.ActiveCfg = Release|Any CPU
		{2D035F78-C31A-4332-ACB0-EB70CB05BBA3}.Release|Any CPU.Build.0 = Release|Any CPU
		{7D64263B-9529-40E0-B725-39F70F58188F}.Debug|Any CPU.ActiveCfg = Debug|Any CPU
		{7D64263B-9529-40E0-B725-39F70F58188F}.Debug|Any CPU.Build.0 = Debug|Any CPU
		{7D64263B-9529-40E0-B725-39F70F58188F}.Release|Any CPU.ActiveCfg = Release|Any CPU
		{7D64263B-9529-40E0-B725-39F70F58188F}.Release|Any CPU.Build.0 = Release|Any CPU
		{5A829DC3-92F3-46C4-9BB8-D4A275A6CAC9}.Debug|Any CPU.ActiveCfg = Debug|Any CPU
		{5A829DC3-92F3-46C4-9BB8-D4A275A6CAC9}.Debug|Any CPU.Build.0 = Debug|Any CPU
		{5A829DC3-92F3-46C4-9BB8-D4A275A6CAC9}.Release|Any CPU.ActiveCfg = Release|Any CPU
		{5A829DC3-92F3-46C4-9BB8-D4A275A6CAC9}.Release|Any CPU.Build.0 = Release|Any CPU
		{22AEB696-7408-47FC-A5BC-E41E23ED09ED}.Debug|Any CPU.ActiveCfg = Debug|Any CPU
		{22AEB696-7408-47FC-A5BC-E41E23ED09ED}.Debug|Any CPU.Build.0 = Debug|Any CPU
		{22AEB696-7408-47FC-A5BC-E41E23ED09ED}.Release|Any CPU.ActiveCfg = Release|Any CPU
		{22AEB696-7408-47FC-A5BC-E41E23ED09ED}.Release|Any CPU.Build.0 = Release|Any CPU
		{15518583-1045-40AF-8164-C3376FAFCEAB}.Debug|Any CPU.ActiveCfg = Debug|Any CPU
		{15518583-1045-40AF-8164-C3376FAFCEAB}.Debug|Any CPU.Build.0 = Debug|Any CPU
		{15518583-1045-40AF-8164-C3376FAFCEAB}.Release|Any CPU.ActiveCfg = Release|Any CPU
		{15518583-1045-40AF-8164-C3376FAFCEAB}.Release|Any CPU.Build.0 = Release|Any CPU
		{21E16DBE-899B-402E-961F-E806ADB17746}.Debug|Any CPU.ActiveCfg = Debug|Any CPU
		{21E16DBE-899B-402E-961F-E806ADB17746}.Debug|Any CPU.Build.0 = Debug|Any CPU
		{21E16DBE-899B-402E-961F-E806ADB17746}.Release|Any CPU.ActiveCfg = Release|Any CPU
		{21E16DBE-899B-402E-961F-E806ADB17746}.Release|Any CPU.Build.0 = Release|Any CPU
		{7DAA6CF2-0494-476D-8F6F-D3690AF056B3}.Debug|Any CPU.ActiveCfg = Debug|Any CPU
		{7DAA6CF2-0494-476D-8F6F-D3690AF056B3}.Debug|Any CPU.Build.0 = Debug|Any CPU
		{7DAA6CF2-0494-476D-8F6F-D3690AF056B3}.Release|Any CPU.ActiveCfg = Release|Any CPU
		{7DAA6CF2-0494-476D-8F6F-D3690AF056B3}.Release|Any CPU.Build.0 = Release|Any CPU
		{024894F4-DC96-4C6D-94C5-868388A47D71}.Debug|Any CPU.ActiveCfg = Debug|Any CPU
		{024894F4-DC96-4C6D-94C5-868388A47D71}.Debug|Any CPU.Build.0 = Debug|Any CPU
		{024894F4-DC96-4C6D-94C5-868388A47D71}.Release|Any CPU.ActiveCfg = Release|Any CPU
		{024894F4-DC96-4C6D-94C5-868388A47D71}.Release|Any CPU.Build.0 = Release|Any CPU
	EndGlobalSection
	GlobalSection(SolutionProperties) = preSolution
		HideSolutionNode = FALSE
	EndGlobalSection
	GlobalSection(NestedProjects) = preSolution
		{7D64263B-9529-40E0-B725-39F70F58188F} = {537E6A6D-10CD-4758-BE4A-B9C963313D5D}
		{E1A7C4D8-2F8D-40B0-8B43-1B7CFE271FED} = {537E6A6D-10CD-4758-BE4A-B9C963313D5D}
		{15518583-1045-40AF-8164-C3376FAFCEAB} = {537E6A6D-10CD-4758-BE4A-B9C963313D5D}
		{2D035F78-C31A-4332-ACB0-EB70CB05BBA3} = {983A4592-D998-400A-994D-F4F750E07889}
		{71F41741-9BFD-429F-9345-184CFEB2E8C2} = {983A4592-D998-400A-994D-F4F750E07889}
		{21E16DBE-899B-402E-961F-E806ADB17746} = {983A4592-D998-400A-994D-F4F750E07889}
		{024894F4-DC96-4C6D-94C5-868388A47D71} = {983A4592-D998-400A-994D-F4F750E07889}
		{7DAA6CF2-0494-476D-8F6F-D3690AF056B3} = {437E6A6D-10CD-4758-BE4A-B9C963313D5D}
		{5A829DC3-92F3-46C4-9BB8-D4A275A6CAC9} = {A6B2C043-42C2-4E55-8A3D-596A280205AF}
		{22AEB696-7408-47FC-A5BC-E41E23ED09ED} = {A6B2C043-42C2-4E55-8A3D-596A280205AF}
	EndGlobalSection
EndGlobal
